
Microsoft Visual Studio Solution File, Format Version 12.00
# Visual Studio 15
Project("{FAE04EC0-301F-11D3-BF4B-00C04F79EFBC}") = "Zenject", "Zenject.csproj", "{56E14D32-0BA0-8CDA-FC9B-53DCF9FB6402}"
EndProject
Project("{FAE04EC0-301F-11D3-BF4B-00C04F79EFBC}") = "Assembly-CSharp", "Assembly-CSharp.csproj", "{95DDD6BA-B1E2-81BF-9E13-A22D63A9B361}"
EndProject
Project("{FAE04EC0-301F-11D3-BF4B-00C04F79EFBC}") = "Zenject-Editor", "Zenject-Editor.csproj", "{148889D1-5BC9-1431-AC57-E0502F07DE1E}"
EndProject
Project("{FAE04EC0-301F-11D3-BF4B-00C04F79EFBC}") = "Assembly-CSharp-firstpass", "Assembly-CSharp-firstpass.csproj", "{7307B4B0-8ADA-D73A-D7ED-B52DF222C126}"
EndProject
Global
	GlobalSection(SolutionConfigurationPlatforms) = preSolution
		Debug|Any CPU = Debug|Any CPU
		Release|Any CPU = Release|Any CPU
	EndGlobalSection
	GlobalSection(ProjectConfigurationPlatforms) = postSolution
		{56E14D32-0BA0-8CDA-FC9B-53DCF9FB6402}.Debug|Any CPU.ActiveCfg = Debug|Any CPU
		{56E14D32-0BA0-8CDA-FC9B-53DCF9FB6402}.Debug|Any CPU.Build.0 = Debug|Any CPU
		{56E14D32-0BA0-8CDA-FC9B-53DCF9FB6402}.Release|Any CPU.ActiveCfg = Release|Any CPU
		{56E14D32-0BA0-8CDA-FC9B-53DCF9FB6402}.Release|Any CPU.Build.0 = Release|Any CPU
		{95DDD6BA-B1E2-81BF-9E13-A22D63A9B361}.Debug|Any CPU.ActiveCfg = Debug|Any CPU
		{95DDD6BA-B1E2-81BF-9E13-A22D63A9B361}.Debug|Any CPU.Build.0 = Debug|Any CPU
		{95DDD6BA-B1E2-81BF-9E13-A22D63A9B361}.Release|Any CPU.ActiveCfg = Release|Any CPU
		{95DDD6BA-B1E2-81BF-9E13-A22D63A9B361}.Release|Any CPU.Build.0 = Release|Any CPU
		{148889D1-5BC9-1431-AC57-E0502F07DE1E}.Debug|Any CPU.ActiveCfg = Debug|Any CPU
		{148889D1-5BC9-1431-AC57-E0502F07DE1E}.Debug|Any CPU.Build.0 = Debug|Any CPU
		{148889D1-5BC9-1431-AC57-E0502F07DE1E}.Release|Any CPU.ActiveCfg = Release|Any CPU
		{148889D1-5BC9-1431-AC57-E0502F07DE1E}.Release|Any CPU.Build.0 = Release|Any CPU
		{7307B4B0-8ADA-D73A-D7ED-B52DF222C126}.Debug|Any CPU.ActiveCfg = Debug|Any CPU
		{7307B4B0-8ADA-D73A-D7ED-B52DF222C126}.Debug|Any CPU.Build.0 = Debug|Any CPU
		{7307B4B0-8ADA-D73A-D7ED-B52DF222C126}.Release|Any CPU.ActiveCfg = Release|Any CPU
		{7307B4B0-8ADA-D73A-D7ED-B52DF222C126}.Release|Any CPU.Build.0 = Release|Any CPU
	EndGlobalSection
	GlobalSection(SolutionProperties) = preSolution
		HideSolutionNode = FALSE
	EndGlobalSection
EndGlobal
